
Microsoft Visual Studio Solution File, Format Version 12.00
# Visual Studio Version 17
VisualStudioVersion = 17.5.002.0
MinimumVisualStudioVersion = 10.0.40219.1
Project("{9A19103F-16F7-4668-BE54-9A1E7A4F7556}") = "API", "API.csproj", "{0CE021B9-B475-48E6-BDCB-C852C2EA7509}"
EndProject
Global
	GlobalSection(SolutionConfigurationPlatforms) = preSolution
		Debug|Any CPU = Debug|Any CPU
		Release|Any CPU = Release|Any CPU
	EndGlobalSection
	GlobalSection(ProjectConfigurationPlatforms) = postSolution
		{0CE021B9-B475-48E6-BDCB-C852C2EA7509}.Debug|Any CPU.ActiveCfg = Debug|Any CPU
		{0CE021B9-B475-48E6-BDCB-C852C2EA7509}.Debug|Any CPU.Build.0 = Debug|Any CPU
		{0CE021B9-B475-48E6-BDCB-C852C2EA7509}.Release|Any CPU.ActiveCfg = Release|Any CPU
		{0CE021B9-B475-48E6-BDCB-C852C2EA7509}.Release|Any CPU.Build.0 = Release|Any CPU
	EndGlobalSection
	GlobalSection(SolutionProperties) = preSolution
		HideSolutionNode = FALSE
	EndGlobalSection
	GlobalSection(ExtensibilityGlobals) = postSolution
		SolutionGuid = {D9F7E3E1-48A2-40F8-8689-A8E49ADB3DB8}
	EndGlobalSection
EndGlobal
